
Microsoft Visual Studio Solution File, Format Version 12.00
# Visual Studio Version 17
VisualStudioVersion = 17.0.32112.339
MinimumVisualStudioVersion = 10.0.40219.1
Project("{FAE04EC0-301F-11D3-BF4B-00C04F79EFBC}") = "Jogo.Forca", "Jogo.Forca\Jogo.Forca.csproj", "{388B09E1-C96D-4E75-B16F-593567224B64}"
EndProject
Global
	GlobalSection(SolutionConfigurationPlatforms) = preSolution
		Debug|Any CPU = Debug|Any CPU
		Release|Any CPU = Release|Any CPU
	EndGlobalSection
	GlobalSection(ProjectConfigurationPlatforms) = postSolution
		{388B09E1-C96D-4E75-B16F-593567224B64}.Debug|Any CPU.ActiveCfg = Debug|Any CPU
		{388B09E1-C96D-4E75-B16F-593567224B64}.Debug|Any CPU.Build.0 = Debug|Any CPU
		{388B09E1-C96D-4E75-B16F-593567224B64}.Release|Any CPU.ActiveCfg = Release|Any CPU
		{388B09E1-C96D-4E75-B16F-593567224B64}.Release|Any CPU.Build.0 = Release|Any CPU
	EndGlobalSection
	GlobalSection(SolutionProperties) = preSolution
		HideSolutionNode = FALSE
	EndGlobalSection
	GlobalSection(ExtensibilityGlobals) = postSolution
		SolutionGuid = {AD253ACA-3297-40CD-9B29-57DB85CAAC64}
	EndGlobalSection
EndGlobal
